// !$*UTF8*$!
{
	archiveVersion = 1;
	classes = {
	};
	objectVersion = 56;
	objects = {

/* Begin PBXBuildFile section */
		FC06789C2C92EAE40003AA62 /* HomeStaticticsCardView.swift in Sources */ = {isa = PBXBuildFile; fileRef = FC06789B2C92EAE40003AA62 /* HomeStaticticsCardView.swift */; };
		FC06789E2C92F9150003AA62 /* NewTrainingSheet.swift in Sources */ = {isa = PBXBuildFile; fileRef = FC06789D2C92F9150003AA62 /* NewTrainingSheet.swift */; };
		FC0678A02C92F9420003AA62 /* EditTrainingSheet.swift in Sources */ = {isa = PBXBuildFile; fileRef = FC06789F2C92F9420003AA62 /* EditTrainingSheet.swift */; };
		FC0678A22C92FB5C0003AA62 /* TextFieldView.swift in Sources */ = {isa = PBXBuildFile; fileRef = FC0678A12C92FB5C0003AA62 /* TextFieldView.swift */; };
		FC0678A52C931B5C0003AA62 /* StaticticsInputView.swift in Sources */ = {isa = PBXBuildFile; fileRef = FC0678A42C931B5B0003AA62 /* StaticticsInputView.swift */; };
		FC0678AC2C932EE50003AA62 /* GoalData+CoreDataClass.swift in Sources */ = {isa = PBXBuildFile; fileRef = FC0678AA2C932EE50003AA62 /* GoalData+CoreDataClass.swift */; };
		FC0678AD2C932EE50003AA62 /* GoalData+CoreDataProperties.swift in Sources */ = {isa = PBXBuildFile; fileRef = FC0678AB2C932EE50003AA62 /* GoalData+CoreDataProperties.swift */; };
		FC0678AF2C93306C0003AA62 /* SettingsScreen.swift in Sources */ = {isa = PBXBuildFile; fileRef = FC0678AE2C93306C0003AA62 /* SettingsScreen.swift */; };
		FC0678B22C9341270003AA62 /* EditTaskSheet.swift in Sources */ = {isa = PBXBuildFile; fileRef = FC0678B12C9341270003AA62 /* EditTaskSheet.swift */; };
		FC1A1A762C7E3CF200058826 /* SplashScreen.swift in Sources */ = {isa = PBXBuildFile; fileRef = FC1A1A752C7E3CF200058826 /* SplashScreen.swift */; };
		FC1A1A7C2C7F2FB400058826 /* TimePickerSheet.swift in Sources */ = {isa = PBXBuildFile; fileRef = FC1A1A7B2C7F2FB400058826 /* TimePickerSheet.swift */; };
		FC338FCF2C8B419D00C1F809 /* 1.mp3 in Resources */ = {isa = PBXBuildFile; fileRef = FC338FC82C8B419C00C1F809 /* 1.mp3 */; };
		FC338FD02C8B419D00C1F809 /* 6.mp3 in Resources */ = {isa = PBXBuildFile; fileRef = FC338FC92C8B419C00C1F809 /* 6.mp3 */; };
		FC338FD12C8B419D00C1F809 /* 3.mp3 in Resources */ = {isa = PBXBuildFile; fileRef = FC338FCA2C8B419D00C1F809 /* 3.mp3 */; };
		FC338FD22C8B419D00C1F809 /* 2.mp3 in Resources */ = {isa = PBXBuildFile; fileRef = FC338FCB2C8B419D00C1F809 /* 2.mp3 */; };
		FC338FD32C8B419D00C1F809 /* 4.mp3 in Resources */ = {isa = PBXBuildFile; fileRef = FC338FCC2C8B419D00C1F809 /* 4.mp3 */; };
		FC338FD42C8B419D00C1F809 /* 7.mp3 in Resources */ = {isa = PBXBuildFile; fileRef = FC338FCD2C8B419D00C1F809 /* 7.mp3 */; };
		FC338FD52C8B419D00C1F809 /* 5.mp3 in Resources */ = {isa = PBXBuildFile; fileRef = FC338FCE2C8B419D00C1F809 /* 5.mp3 */; };
		FC338FD72C8B41FA00C1F809 /* Track.swift in Sources */ = {isa = PBXBuildFile; fileRef = FC338FD62C8B41FA00C1F809 /* Track.swift */; };
		FC338FDA2C8B453000C1F809 /* TrackRowView.swift in Sources */ = {isa = PBXBuildFile; fileRef = FC338FD92C8B453000C1F809 /* TrackRowView.swift */; };
		FC338FDC2C8B498000C1F809 /* TrackScreen.swift in Sources */ = {isa = PBXBuildFile; fileRef = FC338FDB2C8B498000C1F809 /* TrackScreen.swift */; };
		FC78B9502C778D3D0044DEAE /* WinnerApp.swift in Sources */ = {isa = PBXBuildFile; fileRef = FC78B94F2C778D3D0044DEAE /* WinnerApp.swift */; };
		FC78B9522C778D3D0044DEAE /* MainView.swift in Sources */ = {isa = PBXBuildFile; fileRef = FC78B9512C778D3D0044DEAE /* MainView.swift */; };
		FC78B9542C778D400044DEAE /* Assets.xcassets in Resources */ = {isa = PBXBuildFile; fileRef = FC78B9532C778D400044DEAE /* Assets.xcassets */; };
		FC78B9572C778D400044DEAE /* Preview Assets.xcassets in Resources */ = {isa = PBXBuildFile; fileRef = FC78B9562C778D400044DEAE /* Preview Assets.xcassets */; };
		FC78B9632C77943D0044DEAE /* AppCoordinator.swift in Sources */ = {isa = PBXBuildFile; fileRef = FC78B9622C77943D0044DEAE /* AppCoordinator.swift */; };
		FC78B9682C779B370044DEAE /* Color+extensions.swift in Sources */ = {isa = PBXBuildFile; fileRef = FC78B9672C779B370044DEAE /* Color+extensions.swift */; };
		FC78B96A2C77A0130044DEAE /* CornerRadius.swift in Sources */ = {isa = PBXBuildFile; fileRef = FC78B9692C77A0130044DEAE /* CornerRadius.swift */; };
		FC78B96D2C77A3750044DEAE /* TabBarView.swift in Sources */ = {isa = PBXBuildFile; fileRef = FC78B96C2C77A3750044DEAE /* TabBarView.swift */; };
		FC78B96F2C77A3860044DEAE /* TabBarItem.swift in Sources */ = {isa = PBXBuildFile; fileRef = FC78B96E2C77A3860044DEAE /* TabBarItem.swift */; };
		FC78B9732C77AAB80044DEAE /* BackgroundModifier.swift in Sources */ = {isa = PBXBuildFile; fileRef = FC78B9722C77AAB80044DEAE /* BackgroundModifier.swift */; };
		FC78B9762C77AF290044DEAE /* HomeScreen.swift in Sources */ = {isa = PBXBuildFile; fileRef = FC78B9752C77AF290044DEAE /* HomeScreen.swift */; };
		FC78B9792C77AF900044DEAE /* MusicScreen.swift in Sources */ = {isa = PBXBuildFile; fileRef = FC78B9782C77AF900044DEAE /* MusicScreen.swift */; };
		FC78B97C2C77AFD20044DEAE /* HealthScreen.swift in Sources */ = {isa = PBXBuildFile; fileRef = FC78B97B2C77AFD20044DEAE /* HealthScreen.swift */; };
		FC78B9842C77CAF30044DEAE /* SettingsLinkButtonView.swift in Sources */ = {isa = PBXBuildFile; fileRef = FC78B9832C77CAF30044DEAE /* SettingsLinkButtonView.swift */; };
		FC78B9862C77CFA80044DEAE /* SettingsResetProgressButton.swift in Sources */ = {isa = PBXBuildFile; fileRef = FC78B9852C77CFA80044DEAE /* SettingsResetProgressButton.swift */; };
		FC78B98A2C7881070044DEAE /* NavigationTitleView.swift in Sources */ = {isa = PBXBuildFile; fileRef = FC78B9892C7881070044DEAE /* NavigationTitleView.swift */; };
		FC78B98C2C788B7E0044DEAE /* TrainingCardView.swift in Sources */ = {isa = PBXBuildFile; fileRef = FC78B98B2C788B7E0044DEAE /* TrainingCardView.swift */; };
		FC78B98F2C78A2510044DEAE /* HealthCardView.swift in Sources */ = {isa = PBXBuildFile; fileRef = FC78B98E2C78A2510044DEAE /* HealthCardView.swift */; };
		FC78B9C32C7C8D0F0044DEAE /* WinnerData.xcdatamodeld in Sources */ = {isa = PBXBuildFile; fileRef = FC78B9C12C7C8D0F0044DEAE /* WinnerData.xcdatamodeld */; };
		FC78B9C62C7C8D270044DEAE /* CoreData.framework in Frameworks */ = {isa = PBXBuildFile; fileRef = FC78B9C52C7C8D270044DEAE /* CoreData.framework */; };
		FC78B9C92C7C8E200044DEAE /* Training+CoreDataClass.swift in Sources */ = {isa = PBXBuildFile; fileRef = FC78B9C72C7C8E200044DEAE /* Training+CoreDataClass.swift */; };
		FC78B9CA2C7C8E200044DEAE /* Training+CoreDataProperties.swift in Sources */ = {isa = PBXBuildFile; fileRef = FC78B9C82C7C8E200044DEAE /* Training+CoreDataProperties.swift */; };
		FC78B9CC2C7C8E760044DEAE /* HomeViewModel.swift in Sources */ = {isa = PBXBuildFile; fileRef = FC78B9CB2C7C8E760044DEAE /* HomeViewModel.swift */; };
		FC78B9CE2C7C90D40044DEAE /* PersistenceController.swift in Sources */ = {isa = PBXBuildFile; fileRef = FC78B9CD2C7C90D40044DEAE /* PersistenceController.swift */; };
		FC78B9D22C7CB68F0044DEAE /* Task+CoreDataClass.swift in Sources */ = {isa = PBXBuildFile; fileRef = FC78B9D02C7CB68F0044DEAE /* Task+CoreDataClass.swift */; };
		FC78B9D32C7CB68F0044DEAE /* Task+CoreDataProperties.swift in Sources */ = {isa = PBXBuildFile; fileRef = FC78B9D12C7CB68F0044DEAE /* Task+CoreDataProperties.swift */; };
		FC78B9D62C7CB6BE0044DEAE /* HealthViewModel.swift in Sources */ = {isa = PBXBuildFile; fileRef = FC78B9D52C7CB6BE0044DEAE /* HealthViewModel.swift */; };
		FC78B9D82C7CB8540044DEAE /* NewTaskSheet.swift in Sources */ = {isa = PBXBuildFile; fileRef = FC78B9D72C7CB8540044DEAE /* NewTaskSheet.swift */; };
		FC78B9DA2C7CC0900044DEAE /* HealthTaskRowView.swift in Sources */ = {isa = PBXBuildFile; fileRef = FC78B9D92C7CC0900044DEAE /* HealthTaskRowView.swift */; };
		FC78B9DD2C7CCAAE0044DEAE /* HealthData+CoreDataClass.swift in Sources */ = {isa = PBXBuildFile; fileRef = FC78B9DB2C7CCAAE0044DEAE /* HealthData+CoreDataClass.swift */; };
		FC78B9DE2C7CCAAE0044DEAE /* HealthData+CoreDataProperties.swift in Sources */ = {isa = PBXBuildFile; fileRef = FC78B9DC2C7CCAAE0044DEAE /* HealthData+CoreDataProperties.swift */; };
		FC78B9E02C7DC7140044DEAE /* AlertView.swift in Sources */ = {isa = PBXBuildFile; fileRef = FC78B9DF2C7DC7140044DEAE /* AlertView.swift */; };
		FC78B9E22C7DD1520044DEAE /* MusicViewModel.swift in Sources */ = {isa = PBXBuildFile; fileRef = FC78B9E12C7DD1520044DEAE /* MusicViewModel.swift */; };
		FC78B9E62C7DEA5E0044DEAE /* OrientationReader.swift in Sources */ = {isa = PBXBuildFile; fileRef = FC78B9E52C7DEA5E0044DEAE /* OrientationReader.swift */; };
		FC78B9EB2C7E23750044DEAE /* RadioPlayer.swift in Sources */ = {isa = PBXBuildFile; fileRef = FC78B9EA2C7E23750044DEAE /* RadioPlayer.swift */; };
		FC8336342C903A7900F3DA4C /* 11.mp3 in Resources */ = {isa = PBXBuildFile; fileRef = FC83362F2C903A7800F3DA4C /* 11.mp3 */; };
		FC8336352C903A7900F3DA4C /* 10.mp3 in Resources */ = {isa = PBXBuildFile; fileRef = FC8336302C903A7900F3DA4C /* 10.mp3 */; };
		FC8336362C903A7900F3DA4C /* 12.mp3 in Resources */ = {isa = PBXBuildFile; fileRef = FC8336312C903A7900F3DA4C /* 12.mp3 */; };
		FC8336372C903A7900F3DA4C /* 8.mp3 in Resources */ = {isa = PBXBuildFile; fileRef = FC8336322C903A7900F3DA4C /* 8.mp3 */; };
		FC8336382C903A7900F3DA4C /* 9.mp3 in Resources */ = {isa = PBXBuildFile; fileRef = FC8336332C903A7900F3DA4C /* 9.mp3 */; };
		FC83363A2C903CF700F3DA4C /* UIApplication+extensions.swift in Sources */ = {isa = PBXBuildFile; fileRef = FC8336392C903CF700F3DA4C /* UIApplication+extensions.swift */; };
/* End PBXBuildFile section */

/* Begin PBXFileReference section */
		FC06789B2C92EAE40003AA62 /* HomeStaticticsCardView.swift */ = {isa = PBXFileReference; lastKnownFileType = sourcecode.swift; path = HomeStaticticsCardView.swift; sourceTree = "<group>"; };
		FC06789D2C92F9150003AA62 /* NewTrainingSheet.swift */ = {isa = PBXFileReference; lastKnownFileType = sourcecode.swift; path = NewTrainingSheet.swift; sourceTree = "<group>"; };
		FC06789F2C92F9420003AA62 /* EditTrainingSheet.swift */ = {isa = PBXFileReference; lastKnownFileType = sourcecode.swift; path = EditTrainingSheet.swift; sourceTree = "<group>"; };
		FC0678A12C92FB5C0003AA62 /* TextFieldView.swift */ = {isa = PBXFileReference; lastKnownFileType = sourcecode.swift; path = TextFieldView.swift; sourceTree = "<group>"; };
		FC0678A42C931B5B0003AA62 /* StaticticsInputView.swift */ = {isa = PBXFileReference; lastKnownFileType = sourcecode.swift; path = StaticticsInputView.swift; sourceTree = "<group>"; };
		FC0678AA2C932EE50003AA62 /* GoalData+CoreDataClass.swift */ = {isa = PBXFileReference; lastKnownFileType = sourcecode.swift; path = "GoalData+CoreDataClass.swift"; sourceTree = "<group>"; };
		FC0678AB2C932EE50003AA62 /* GoalData+CoreDataProperties.swift */ = {isa = PBXFileReference; lastKnownFileType = sourcecode.swift; path = "GoalData+CoreDataProperties.swift"; sourceTree = "<group>"; };
		FC0678AE2C93306C0003AA62 /* SettingsScreen.swift */ = {isa = PBXFileReference; lastKnownFileType = sourcecode.swift; path = SettingsScreen.swift; sourceTree = "<group>"; };
		FC0678B12C9341270003AA62 /* EditTaskSheet.swift */ = {isa = PBXFileReference; lastKnownFileType = sourcecode.swift; path = EditTaskSheet.swift; sourceTree = "<group>"; };
		FC1A1A752C7E3CF200058826 /* SplashScreen.swift */ = {isa = PBXFileReference; lastKnownFileType = sourcecode.swift; path = SplashScreen.swift; sourceTree = "<group>"; };
		FC1A1A7B2C7F2FB400058826 /* TimePickerSheet.swift */ = {isa = PBXFileReference; lastKnownFileType = sourcecode.swift; path = TimePickerSheet.swift; sourceTree = "<group>"; };
		FC338FC82C8B419C00C1F809 /* 1.mp3 */ = {isa = PBXFileReference; lastKnownFileType = audio.mp3; path = 1.mp3; sourceTree = "<group>"; };
		FC338FC92C8B419C00C1F809 /* 6.mp3 */ = {isa = PBXFileReference; lastKnownFileType = audio.mp3; path = 6.mp3; sourceTree = "<group>"; };
		FC338FCA2C8B419D00C1F809 /* 3.mp3 */ = {isa = PBXFileReference; lastKnownFileType = audio.mp3; path = 3.mp3; sourceTree = "<group>"; };
		FC338FCB2C8B419D00C1F809 /* 2.mp3 */ = {isa = PBXFileReference; lastKnownFileType = audio.mp3; path = 2.mp3; sourceTree = "<group>"; };
		FC338FCC2C8B419D00C1F809 /* 4.mp3 */ = {isa = PBXFileReference; lastKnownFileType = audio.mp3; path = 4.mp3; sourceTree = "<group>"; };
		FC338FCD2C8B419D00C1F809 /* 7.mp3 */ = {isa = PBXFileReference; lastKnownFileType = audio.mp3; path = 7.mp3; sourceTree = "<group>"; };
		FC338FCE2C8B419D00C1F809 /* 5.mp3 */ = {isa = PBXFileReference; lastKnownFileType = audio.mp3; path = 5.mp3; sourceTree = "<group>"; };
		FC338FD62C8B41FA00C1F809 /* Track.swift */ = {isa = PBXFileReference; lastKnownFileType = sourcecode.swift; path = Track.swift; sourceTree = "<group>"; };
		FC338FD92C8B453000C1F809 /* TrackRowView.swift */ = {isa = PBXFileReference; lastKnownFileType = sourcecode.swift; path = TrackRowView.swift; sourceTree = "<group>"; };
		FC338FDB2C8B498000C1F809 /* TrackScreen.swift */ = {isa = PBXFileReference; lastKnownFileType = sourcecode.swift; path = TrackScreen.swift; sourceTree = "<group>"; };
		FC78B94C2C778D3D0044DEAE /* Winner.app */ = {isa = PBXFileReference; explicitFileType = wrapper.application; includeInIndex = 0; path = Winner.app; sourceTree = BUILT_PRODUCTS_DIR; };
		FC78B94F2C778D3D0044DEAE /* WinnerApp.swift */ = {isa = PBXFileReference; lastKnownFileType = sourcecode.swift; path = WinnerApp.swift; sourceTree = "<group>"; };
		FC78B9512C778D3D0044DEAE /* MainView.swift */ = {isa = PBXFileReference; lastKnownFileType = sourcecode.swift; path = MainView.swift; sourceTree = "<group>"; };
		FC78B9532C778D400044DEAE /* Assets.xcassets */ = {isa = PBXFileReference; lastKnownFileType = folder.assetcatalog; path = Assets.xcassets; sourceTree = "<group>"; };
		FC78B9562C778D400044DEAE /* Preview Assets.xcassets */ = {isa = PBXFileReference; lastKnownFileType = folder.assetcatalog; path = "Preview Assets.xcassets"; sourceTree = "<group>"; };
		FC78B9622C77943D0044DEAE /* AppCoordinator.swift */ = {isa = PBXFileReference; lastKnownFileType = sourcecode.swift; path = AppCoordinator.swift; sourceTree = "<group>"; };
		FC78B9672C779B370044DEAE /* Color+extensions.swift */ = {isa = PBXFileReference; lastKnownFileType = sourcecode.swift; path = "Color+extensions.swift"; sourceTree = "<group>"; };
		FC78B9692C77A0130044DEAE /* CornerRadius.swift */ = {isa = PBXFileReference; lastKnownFileType = sourcecode.swift; path = CornerRadius.swift; sourceTree = "<group>"; };
		FC78B96C2C77A3750044DEAE /* TabBarView.swift */ = {isa = PBXFileReference; lastKnownFileType = sourcecode.swift; path = TabBarView.swift; sourceTree = "<group>"; };
		FC78B96E2C77A3860044DEAE /* TabBarItem.swift */ = {isa = PBXFileReference; lastKnownFileType = sourcecode.swift; path = TabBarItem.swift; sourceTree = "<group>"; };
		FC78B9722C77AAB80044DEAE /* BackgroundModifier.swift */ = {isa = PBXFileReference; lastKnownFileType = sourcecode.swift; path = BackgroundModifier.swift; sourceTree = "<group>"; };
		FC78B9752C77AF290044DEAE /* HomeScreen.swift */ = {isa = PBXFileReference; lastKnownFileType = sourcecode.swift; path = HomeScreen.swift; sourceTree = "<group>"; };
		FC78B9782C77AF900044DEAE /* MusicScreen.swift */ = {isa = PBXFileReference; lastKnownFileType = sourcecode.swift; path = MusicScreen.swift; sourceTree = "<group>"; };
		FC78B97B2C77AFD20044DEAE /* HealthScreen.swift */ = {isa = PBXFileReference; lastKnownFileType = sourcecode.swift; path = HealthScreen.swift; sourceTree = "<group>"; };
		FC78B9832C77CAF30044DEAE /* SettingsLinkButtonView.swift */ = {isa = PBXFileReference; lastKnownFileType = sourcecode.swift; path = SettingsLinkButtonView.swift; sourceTree = "<group>"; };
		FC78B9852C77CFA80044DEAE /* SettingsResetProgressButton.swift */ = {isa = PBXFileReference; lastKnownFileType = sourcecode.swift; path = SettingsResetProgressButton.swift; sourceTree = "<group>"; };
		FC78B9892C7881070044DEAE /* NavigationTitleView.swift */ = {isa = PBXFileReference; lastKnownFileType = sourcecode.swift; path = NavigationTitleView.swift; sourceTree = "<group>"; };
		FC78B98B2C788B7E0044DEAE /* TrainingCardView.swift */ = {isa = PBXFileReference; lastKnownFileType = sourcecode.swift; path = TrainingCardView.swift; sourceTree = "<group>"; };
		FC78B98E2C78A2510044DEAE /* HealthCardView.swift */ = {isa = PBXFileReference; lastKnownFileType = sourcecode.swift; path = HealthCardView.swift; sourceTree = "<group>"; };
		FC78B9C22C7C8D0F0044DEAE /* WinnerData.xcdatamodel */ = {isa = PBXFileReference; lastKnownFileType = wrapper.xcdatamodel; path = WinnerData.xcdatamodel; sourceTree = "<group>"; };
		FC78B9C52C7C8D270044DEAE /* CoreData.framework */ = {isa = PBXFileReference; lastKnownFileType = wrapper.framework; name = CoreData.framework; path = System/Library/Frameworks/CoreData.framework; sourceTree = SDKROOT; };
		FC78B9C72C7C8E200044DEAE /* Training+CoreDataClass.swift */ = {isa = PBXFileReference; lastKnownFileType = sourcecode.swift; path = "Training+CoreDataClass.swift"; sourceTree = "<group>"; };
		FC78B9C82C7C8E200044DEAE /* Training+CoreDataProperties.swift */ = {isa = PBXFileReference; lastKnownFileType = sourcecode.swift; path = "Training+CoreDataProperties.swift"; sourceTree = "<group>"; };
		FC78B9CB2C7C8E760044DEAE /* HomeViewModel.swift */ = {isa = PBXFileReference; lastKnownFileType = sourcecode.swift; path = HomeViewModel.swift; sourceTree = "<group>"; };
		FC78B9CD2C7C90D40044DEAE /* PersistenceController.swift */ = {isa = PBXFileReference; lastKnownFileType = sourcecode.swift; path = PersistenceController.swift; sourceTree = "<group>"; };
		FC78B9D02C7CB68F0044DEAE /* Task+CoreDataClass.swift */ = {isa = PBXFileReference; lastKnownFileType = sourcecode.swift; path = "Task+CoreDataClass.swift"; sourceTree = "<group>"; };
		FC78B9D12C7CB68F0044DEAE /* Task+CoreDataProperties.swift */ = {isa = PBXFileReference; lastKnownFileType = sourcecode.swift; path = "Task+CoreDataProperties.swift"; sourceTree = "<group>"; };
		FC78B9D52C7CB6BE0044DEAE /* HealthViewModel.swift */ = {isa = PBXFileReference; lastKnownFileType = sourcecode.swift; path = HealthViewModel.swift; sourceTree = "<group>"; };
		FC78B9D72C7CB8540044DEAE /* NewTaskSheet.swift */ = {isa = PBXFileReference; lastKnownFileType = sourcecode.swift; path = NewTaskSheet.swift; sourceTree = "<group>"; };
		FC78B9D92C7CC0900044DEAE /* HealthTaskRowView.swift */ = {isa = PBXFileReference; lastKnownFileType = sourcecode.swift; path = HealthTaskRowView.swift; sourceTree = "<group>"; };
		FC78B9DB2C7CCAAE0044DEAE /* HealthData+CoreDataClass.swift */ = {isa = PBXFileReference; lastKnownFileType = sourcecode.swift; path = "HealthData+CoreDataClass.swift"; sourceTree = "<group>"; };
		FC78B9DC2C7CCAAE0044DEAE /* HealthData+CoreDataProperties.swift */ = {isa = PBXFileReference; lastKnownFileType = sourcecode.swift; path = "HealthData+CoreDataProperties.swift"; sourceTree = "<group>"; };
		FC78B9DF2C7DC7140044DEAE /* AlertView.swift */ = {isa = PBXFileReference; lastKnownFileType = sourcecode.swift; path = AlertView.swift; sourceTree = "<group>"; };
		FC78B9E12C7DD1520044DEAE /* MusicViewModel.swift */ = {isa = PBXFileReference; lastKnownFileType = sourcecode.swift; path = MusicViewModel.swift; sourceTree = "<group>"; };
		FC78B9E52C7DEA5E0044DEAE /* OrientationReader.swift */ = {isa = PBXFileReference; lastKnownFileType = sourcecode.swift; path = OrientationReader.swift; sourceTree = "<group>"; };
		FC78B9EA2C7E23750044DEAE /* RadioPlayer.swift */ = {isa = PBXFileReference; lastKnownFileType = sourcecode.swift; path = RadioPlayer.swift; sourceTree = "<group>"; };
		FC83362F2C903A7800F3DA4C /* 11.mp3 */ = {isa = PBXFileReference; lastKnownFileType = audio.mp3; path = 11.mp3; sourceTree = "<group>"; };
		FC8336302C903A7900F3DA4C /* 10.mp3 */ = {isa = PBXFileReference; lastKnownFileType = audio.mp3; path = 10.mp3; sourceTree = "<group>"; };
		FC8336312C903A7900F3DA4C /* 12.mp3 */ = {isa = PBXFileReference; lastKnownFileType = audio.mp3; path = 12.mp3; sourceTree = "<group>"; };
		FC8336322C903A7900F3DA4C /* 8.mp3 */ = {isa = PBXFileReference; lastKnownFileType = audio.mp3; path = 8.mp3; sourceTree = "<group>"; };
		FC8336332C903A7900F3DA4C /* 9.mp3 */ = {isa = PBXFileReference; lastKnownFileType = audio.mp3; path = 9.mp3; sourceTree = "<group>"; };
		FC8336392C903CF700F3DA4C /* UIApplication+extensions.swift */ = {isa = PBXFileReference; lastKnownFileType = sourcecode.swift; path = "UIApplication+extensions.swift"; sourceTree = "<group>"; };
/* End PBXFileReference section */

/* Begin PBXFrameworksBuildPhase section */
		FC78B9492C778D3D0044DEAE /* Frameworks */ = {
			isa = PBXFrameworksBuildPhase;
			buildActionMask = 2147483647;
			files = (
				FC78B9C62C7C8D270044DEAE /* CoreData.framework in Frameworks */,
			);
			runOnlyForDeploymentPostprocessing = 0;
		};
/* End PBXFrameworksBuildPhase section */

/* Begin PBXGroup section */
		FC06789A2C92E7120003AA62 /* Screens */ = {
			isa = PBXGroup;
			children = (
				FC1A1A742C7E3CD600058826 /* Splash */,
				FC78B9742C77AF080044DEAE /* HomeScreen */,
				FC78B9772C77AF7E0044DEAE /* MusicScreen */,
				FC78B97A2C77AFBA0044DEAE /* HealthScreen */,
				FC0678A32C9302270003AA62 /* SettingsScreen */,
			);
			path = Screens;
			sourceTree = "<group>";
		};
		FC0678A32C9302270003AA62 /* SettingsScreen */ = {
			isa = PBXGroup;
			children = (
				FC0678AE2C93306C0003AA62 /* SettingsScreen.swift */,
				FC0678B02C9331140003AA62 /* View */,
			);
			path = SettingsScreen;
			sourceTree = "<group>";
		};
		FC0678B02C9331140003AA62 /* View */ = {
			isa = PBXGroup;
			children = (
				FC78B9832C77CAF30044DEAE /* SettingsLinkButtonView.swift */,
				FC78B9852C77CFA80044DEAE /* SettingsResetProgressButton.swift */,
			);
			path = View;
			sourceTree = "<group>";
		};
		FC1A1A732C7E32D200058826 /* Model */ = {
			isa = PBXGroup;
			children = (
				FC338FD62C8B41FA00C1F809 /* Track.swift */,
				FC78B9CF2C7CB6320044DEAE /* subclasses */,
			);
			path = Model;
			sourceTree = "<group>";
		};
		FC1A1A742C7E3CD600058826 /* Splash */ = {
			isa = PBXGroup;
			children = (
				FC1A1A752C7E3CF200058826 /* SplashScreen.swift */,
			);
			path = Splash;
			sourceTree = "<group>";
		};
		FC338FC52C8B416D00C1F809 /* Resources */ = {
			isa = PBXGroup;
			children = (
				FC338FC72C8B418E00C1F809 /* Music */,
				FC78B9532C778D400044DEAE /* Assets.xcassets */,
			);
			path = Resources;
			sourceTree = "<group>";
		};
		FC338FC72C8B418E00C1F809 /* Music */ = {
			isa = PBXGroup;
			children = (
				FC8336322C903A7900F3DA4C /* 8.mp3 */,
				FC8336332C903A7900F3DA4C /* 9.mp3 */,
				FC8336302C903A7900F3DA4C /* 10.mp3 */,
				FC83362F2C903A7800F3DA4C /* 11.mp3 */,
				FC8336312C903A7900F3DA4C /* 12.mp3 */,
				FC338FC82C8B419C00C1F809 /* 1.mp3 */,
				FC338FCB2C8B419D00C1F809 /* 2.mp3 */,
				FC338FCA2C8B419D00C1F809 /* 3.mp3 */,
				FC338FCC2C8B419D00C1F809 /* 4.mp3 */,
				FC338FCE2C8B419D00C1F809 /* 5.mp3 */,
				FC338FC92C8B419C00C1F809 /* 6.mp3 */,
				FC338FCD2C8B419D00C1F809 /* 7.mp3 */,
			);
			path = Music;
			sourceTree = "<group>";
		};
		FC338FD82C8B451300C1F809 /* View */ = {
			isa = PBXGroup;
			children = (
				FC338FD92C8B453000C1F809 /* TrackRowView.swift */,
				FC338FDB2C8B498000C1F809 /* TrackScreen.swift */,
			);
			path = View;
			sourceTree = "<group>";
		};
		FC78B9432C778D3D0044DEAE = {
			isa = PBXGroup;
			children = (
				FC78B94E2C778D3D0044DEAE /* Winner */,
				FC78B94D2C778D3D0044DEAE /* Products */,
				FC78B9C42C7C8D270044DEAE /* Frameworks */,
			);
			sourceTree = "<group>";
		};
		FC78B94D2C778D3D0044DEAE /* Products */ = {
			isa = PBXGroup;
			children = (
				FC78B94C2C778D3D0044DEAE /* Winner.app */,
			);
			name = Products;
			sourceTree = "<group>";
		};
		FC78B94E2C778D3D0044DEAE /* Winner */ = {
			isa = PBXGroup;
			children = (
				FC78B95D2C778D5F0044DEAE /* App */,
				FC78B95E2C778D680044DEAE /* UI */,
				FC78B95F2C778D890044DEAE /* Utilities */,
				FC78B9612C778DBA0044DEAE /* CoreData */,
				FC1A1A732C7E32D200058826 /* Model */,
				FC338FC52C8B416D00C1F809 /* Resources */,
				FC78B9552C778D400044DEAE /* Preview Content */,
			);
			path = Winner;
			sourceTree = "<group>";
		};
		FC78B9552C778D400044DEAE /* Preview Content */ = {
			isa = PBXGroup;
			children = (
				FC78B9562C778D400044DEAE /* Preview Assets.xcassets */,
			);
			path = "Preview Content";
			sourceTree = "<group>";
		};
		FC78B95D2C778D5F0044DEAE /* App */ = {
			isa = PBXGroup;
			children = (
				FC78B94F2C778D3D0044DEAE /* WinnerApp.swift */,
			);
			path = App;
			sourceTree = "<group>";
		};
		FC78B95E2C778D680044DEAE /* UI */ = {
			isa = PBXGroup;
			children = (
				FC78B9512C778D3D0044DEAE /* MainView.swift */,
				FC06789A2C92E7120003AA62 /* Screens */,
				FC78B9882C7880EC0044DEAE /* Components */,
			);
			path = UI;
			sourceTree = "<group>";
		};
		FC78B95F2C778D890044DEAE /* Utilities */ = {
			isa = PBXGroup;
			children = (
				FC78B9E92C7E236A0044DEAE /* Helpers */,
				FC78B9662C779B240044DEAE /* Coordinator */,
				FC78B9652C779B1C0044DEAE /* Modifiers */,
				FC78B9642C779B120044DEAE /* Extensions */,
			);
			path = Utilities;
			sourceTree = "<group>";
		};
		FC78B9612C778DBA0044DEAE /* CoreData */ = {
			isa = PBXGroup;
			children = (
				FC78B9C12C7C8D0F0044DEAE /* WinnerData.xcdatamodeld */,
				FC78B9CD2C7C90D40044DEAE /* PersistenceController.swift */,
			);
			path = CoreData;
			sourceTree = "<group>";
		};
		FC78B9642C779B120044DEAE /* Extensions */ = {
			isa = PBXGroup;
			children = (
				FC78B9672C779B370044DEAE /* Color+extensions.swift */,
				FC8336392C903CF700F3DA4C /* UIApplication+extensions.swift */,
			);
			path = Extensions;
			sourceTree = "<group>";
		};
		FC78B9652C779B1C0044DEAE /* Modifiers */ = {
			isa = PBXGroup;
			children = (
				FC78B9722C77AAB80044DEAE /* BackgroundModifier.swift */,
				FC78B9E52C7DEA5E0044DEAE /* OrientationReader.swift */,
			);
			path = Modifiers;
			sourceTree = "<group>";
		};
		FC78B9662C779B240044DEAE /* Coordinator */ = {
			isa = PBXGroup;
			children = (
				FC78B9622C77943D0044DEAE /* AppCoordinator.swift */,
			);
			path = Coordinator;
			sourceTree = "<group>";
		};
		FC78B96B2C77A34B0044DEAE /* TabBar */ = {
			isa = PBXGroup;
			children = (
				FC78B96C2C77A3750044DEAE /* TabBarView.swift */,
				FC78B96E2C77A3860044DEAE /* TabBarItem.swift */,
			);
			path = TabBar;
			sourceTree = "<group>";
		};
		FC78B9742C77AF080044DEAE /* HomeScreen */ = {
			isa = PBXGroup;
			children = (
				FC78B9752C77AF290044DEAE /* HomeScreen.swift */,
				FC78B9CB2C7C8E760044DEAE /* HomeViewModel.swift */,
				FC78B9802C77C8B60044DEAE /* View */,
			);
			path = HomeScreen;
			sourceTree = "<group>";
		};
		FC78B9772C77AF7E0044DEAE /* MusicScreen */ = {
			isa = PBXGroup;
			children = (
				FC78B9782C77AF900044DEAE /* MusicScreen.swift */,
				FC78B9E12C7DD1520044DEAE /* MusicViewModel.swift */,
				FC338FD82C8B451300C1F809 /* View */,
			);
			path = MusicScreen;
			sourceTree = "<group>";
		};
		FC78B97A2C77AFBA0044DEAE /* HealthScreen */ = {
			isa = PBXGroup;
			children = (
				FC78B97B2C77AFD20044DEAE /* HealthScreen.swift */,
				FC78B9D52C7CB6BE0044DEAE /* HealthViewModel.swift */,
				FC78B98D2C78A23F0044DEAE /* View */,
			);
			path = HealthScreen;
			sourceTree = "<group>";
		};
		FC78B9802C77C8B60044DEAE /* View */ = {
			isa = PBXGroup;
			children = (
				FC78B98B2C788B7E0044DEAE /* TrainingCardView.swift */,
				FC06789B2C92EAE40003AA62 /* HomeStaticticsCardView.swift */,
				FC06789D2C92F9150003AA62 /* NewTrainingSheet.swift */,
				FC06789F2C92F9420003AA62 /* EditTrainingSheet.swift */,
			);
			path = View;
			sourceTree = "<group>";
		};
		FC78B9882C7880EC0044DEAE /* Components */ = {
			isa = PBXGroup;
			children = (
				FC78B96B2C77A34B0044DEAE /* TabBar */,
				FC78B9892C7881070044DEAE /* NavigationTitleView.swift */,
				FC78B9DF2C7DC7140044DEAE /* AlertView.swift */,
				FC1A1A7B2C7F2FB400058826 /* TimePickerSheet.swift */,
				FC0678A12C92FB5C0003AA62 /* TextFieldView.swift */,
				FC0678A42C931B5B0003AA62 /* StaticticsInputView.swift */,
			);
			path = Components;
			sourceTree = "<group>";
		};
		FC78B98D2C78A23F0044DEAE /* View */ = {
			isa = PBXGroup;
			children = (
				FC78B98E2C78A2510044DEAE /* HealthCardView.swift */,
				FC78B9D72C7CB8540044DEAE /* NewTaskSheet.swift */,
				FC78B9D92C7CC0900044DEAE /* HealthTaskRowView.swift */,
				FC0678B12C9341270003AA62 /* EditTaskSheet.swift */,
			);
			path = View;
			sourceTree = "<group>";
		};
		FC78B9C42C7C8D270044DEAE /* Frameworks */ = {
			isa = PBXGroup;
			children = (
				FC78B9C52C7C8D270044DEAE /* CoreData.framework */,
			);
			name = Frameworks;
			sourceTree = "<group>";
		};
		FC78B9CF2C7CB6320044DEAE /* subclasses */ = {
			isa = PBXGroup;
			children = (
				FC0678AA2C932EE50003AA62 /* GoalData+CoreDataClass.swift */,
				FC0678AB2C932EE50003AA62 /* GoalData+CoreDataProperties.swift */,
				FC78B9DB2C7CCAAE0044DEAE /* HealthData+CoreDataClass.swift */,
				FC78B9DC2C7CCAAE0044DEAE /* HealthData+CoreDataProperties.swift */,
				FC78B9D02C7CB68F0044DEAE /* Task+CoreDataClass.swift */,
				FC78B9D12C7CB68F0044DEAE /* Task+CoreDataProperties.swift */,
				FC78B9C72C7C8E200044DEAE /* Training+CoreDataClass.swift */,
				FC78B9C82C7C8E200044DEAE /* Training+CoreDataProperties.swift */,
			);
			path = subclasses;
			sourceTree = "<group>";
		};
		FC78B9E92C7E236A0044DEAE /* Helpers */ = {
			isa = PBXGroup;
			children = (
				FC78B9EA2C7E23750044DEAE /* RadioPlayer.swift */,
				FC78B9692C77A0130044DEAE /* CornerRadius.swift */,
			);
			path = Helpers;
			sourceTree = "<group>";
		};
/* End PBXGroup section */

/* Begin PBXNativeTarget section */
		FC78B94B2C778D3D0044DEAE /* Winner */ = {
			isa = PBXNativeTarget;
			buildConfigurationList = FC78B95A2C778D400044DEAE /* Build configuration list for PBXNativeTarget "Winner" */;
			buildPhases = (
				FC78B9482C778D3D0044DEAE /* Sources */,
				FC78B9492C778D3D0044DEAE /* Frameworks */,
				FC78B94A2C778D3D0044DEAE /* Resources */,
			);
			buildRules = (
			);
			dependencies = (
			);
			name = Winner;
			productName = Winner;
			productReference = FC78B94C2C778D3D0044DEAE /* Winner.app */;
			productType = "com.apple.product-type.application";
		};
/* End PBXNativeTarget section */

/* Begin PBXProject section */
		FC78B9442C778D3D0044DEAE /* Project object */ = {
			isa = PBXProject;
			attributes = {
				BuildIndependentTargetsInParallel = 1;
				LastSwiftUpdateCheck = 1520;
				LastUpgradeCheck = 1520;
				TargetAttributes = {
					FC78B94B2C778D3D0044DEAE = {
						CreatedOnToolsVersion = 15.2;
					};
				};
			};
			buildConfigurationList = FC78B9472C778D3D0044DEAE /* Build configuration list for PBXProject "Winner" */;
			compatibilityVersion = "Xcode 14.0";
			developmentRegion = en;
			hasScannedForEncodings = 0;
			knownRegions = (
				en,
				Base,
			);
			mainGroup = FC78B9432C778D3D0044DEAE;
			productRefGroup = FC78B94D2C778D3D0044DEAE /* Products */;
			projectDirPath = "";
			projectRoot = "";
			targets = (
				FC78B94B2C778D3D0044DEAE /* Winner */,
			);
		};
/* End PBXProject section */

/* Begin PBXResourcesBuildPhase section */
		FC78B94A2C778D3D0044DEAE /* Resources */ = {
			isa = PBXResourcesBuildPhase;
			buildActionMask = 2147483647;
			files = (
				FC338FD12C8B419D00C1F809 /* 3.mp3 in Resources */,
				FC338FCF2C8B419D00C1F809 /* 1.mp3 in Resources */,
				FC338FD42C8B419D00C1F809 /* 7.mp3 in Resources */,
				FC338FD02C8B419D00C1F809 /* 6.mp3 in Resources */,
				FC8336342C903A7900F3DA4C /* 11.mp3 in Resources */,
				FC338FD22C8B419D00C1F809 /* 2.mp3 in Resources */,
				FC338FD32C8B419D00C1F809 /* 4.mp3 in Resources */,
				FC8336352C903A7900F3DA4C /* 10.mp3 in Resources */,
				FC8336382C903A7900F3DA4C /* 9.mp3 in Resources */,
				FC338FD52C8B419D00C1F809 /* 5.mp3 in Resources */,
				FC78B9572C778D400044DEAE /* Preview Assets.xcassets in Resources */,
				FC78B9542C778D400044DEAE /* Assets.xcassets in Resources */,
				FC8336372C903A7900F3DA4C /* 8.mp3 in Resources */,
				FC8336362C903A7900F3DA4C /* 12.mp3 in Resources */,
			);
			runOnlyForDeploymentPostprocessing = 0;
		};
/* End PBXResourcesBuildPhase section */

/* Begin PBXSourcesBuildPhase section */
		FC78B9482C778D3D0044DEAE /* Sources */ = {
			isa = PBXSourcesBuildPhase;
			buildActionMask = 2147483647;
			files = (
				FC338FDA2C8B453000C1F809 /* TrackRowView.swift in Sources */,
				FC1A1A762C7E3CF200058826 /* SplashScreen.swift in Sources */,
				FC06789E2C92F9150003AA62 /* NewTrainingSheet.swift in Sources */,
				FC78B9EB2C7E23750044DEAE /* RadioPlayer.swift in Sources */,
				FC0678AC2C932EE50003AA62 /* GoalData+CoreDataClass.swift in Sources */,
				FC78B9DA2C7CC0900044DEAE /* HealthTaskRowView.swift in Sources */,
				FC78B9842C77CAF30044DEAE /* SettingsLinkButtonView.swift in Sources */,
				FC338FD72C8B41FA00C1F809 /* Track.swift in Sources */,
				FC78B9C92C7C8E200044DEAE /* Training+CoreDataClass.swift in Sources */,
				FC0678A22C92FB5C0003AA62 /* TextFieldView.swift in Sources */,
				FC78B9632C77943D0044DEAE /* AppCoordinator.swift in Sources */,
				FC0678A02C92F9420003AA62 /* EditTrainingSheet.swift in Sources */,
				FC1A1A7C2C7F2FB400058826 /* TimePickerSheet.swift in Sources */,
				FC78B98A2C7881070044DEAE /* NavigationTitleView.swift in Sources */,
				FC78B9C32C7C8D0F0044DEAE /* WinnerData.xcdatamodeld in Sources */,
				FC78B9522C778D3D0044DEAE /* MainView.swift in Sources */,
				FC78B96A2C77A0130044DEAE /* CornerRadius.swift in Sources */,
				FC78B9D62C7CB6BE0044DEAE /* HealthViewModel.swift in Sources */,
				FC338FDC2C8B498000C1F809 /* TrackScreen.swift in Sources */,
				FC78B9862C77CFA80044DEAE /* SettingsResetProgressButton.swift in Sources */,
				FC78B9E22C7DD1520044DEAE /* MusicViewModel.swift in Sources */,
				FC78B97C2C77AFD20044DEAE /* HealthScreen.swift in Sources */,
				FC78B9D22C7CB68F0044DEAE /* Task+CoreDataClass.swift in Sources */,
				FC78B9DD2C7CCAAE0044DEAE /* HealthData+CoreDataClass.swift in Sources */,
				FC78B9DE2C7CCAAE0044DEAE /* HealthData+CoreDataProperties.swift in Sources */,
				FC78B9502C778D3D0044DEAE /* WinnerApp.swift in Sources */,
				FC78B9CC2C7C8E760044DEAE /* HomeViewModel.swift in Sources */,
				FC0678A52C931B5C0003AA62 /* StaticticsInputView.swift in Sources */,
				FC0678AF2C93306C0003AA62 /* SettingsScreen.swift in Sources */,
				FC78B96F2C77A3860044DEAE /* TabBarItem.swift in Sources */,
				FC78B98C2C788B7E0044DEAE /* TrainingCardView.swift in Sources */,
				FC06789C2C92EAE40003AA62 /* HomeStaticticsCardView.swift in Sources */,
				FC78B9762C77AF290044DEAE /* HomeScreen.swift in Sources */,
				FC78B9D32C7CB68F0044DEAE /* Task+CoreDataProperties.swift in Sources */,
				FC78B9CA2C7C8E200044DEAE /* Training+CoreDataProperties.swift in Sources */,
				FC78B96D2C77A3750044DEAE /* TabBarView.swift in Sources */,
				FC0678B22C9341270003AA62 /* EditTaskSheet.swift in Sources */,
				FC78B9732C77AAB80044DEAE /* BackgroundModifier.swift in Sources */,
				FC78B9792C77AF900044DEAE /* MusicScreen.swift in Sources */,
				FC78B9D82C7CB8540044DEAE /* NewTaskSheet.swift in Sources */,
				FC78B9CE2C7C90D40044DEAE /* PersistenceController.swift in Sources */,
				FC78B9E62C7DEA5E0044DEAE /* OrientationReader.swift in Sources */,
				FC0678AD2C932EE50003AA62 /* GoalData+CoreDataProperties.swift in Sources */,
				FC78B9682C779B370044DEAE /* Color+extensions.swift in Sources */,
				FC78B98F2C78A2510044DEAE /* HealthCardView.swift in Sources */,
				FC83363A2C903CF700F3DA4C /* UIApplication+extensions.swift in Sources */,
				FC78B9E02C7DC7140044DEAE /* AlertView.swift in Sources */,
			);
			runOnlyForDeploymentPostprocessing = 0;
		};
/* End PBXSourcesBuildPhase section */

/* Begin XCBuildConfiguration section */
		FC78B9582C778D400044DEAE /* Debug */ = {
			isa = XCBuildConfiguration;
			buildSettings = {
				ALWAYS_SEARCH_USER_PATHS = NO;
				ASSETCATALOG_COMPILER_GENERATE_SWIFT_ASSET_SYMBOL_EXTENSIONS = YES;
				CLANG_ANALYZER_NONNULL = YES;
				CLANG_ANALYZER_NUMBER_OBJECT_CONVERSION = YES_AGGRESSIVE;
				CLANG_CXX_LANGUAGE_STANDARD = "gnu++20";
				CLANG_ENABLE_MODULES = YES;
				CLANG_ENABLE_OBJC_ARC = YES;
				CLANG_ENABLE_OBJC_WEAK = YES;
				CLANG_WARN_BLOCK_CAPTURE_AUTORELEASING = YES;
				CLANG_WARN_BOOL_CONVERSION = YES;
				CLANG_WARN_COMMA = YES;
				CLANG_WARN_CONSTANT_CONVERSION = YES;
				CLANG_WARN_DEPRECATED_OBJC_IMPLEMENTATIONS = YES;
				CLANG_WARN_DIRECT_OBJC_ISA_USAGE = YES_ERROR;
				CLANG_WARN_DOCUMENTATION_COMMENTS = YES;
				CLANG_WARN_EMPTY_BODY = YES;
				CLANG_WARN_ENUM_CONVERSION = YES;
				CLANG_WARN_INFINITE_RECURSION = YES;
				CLANG_WARN_INT_CONVERSION = YES;
				CLANG_WARN_NON_LITERAL_NULL_CONVERSION = YES;
				CLANG_WARN_OBJC_IMPLICIT_RETAIN_SELF = YES;
				CLANG_WARN_OBJC_LITERAL_CONVERSION = YES;
				CLANG_WARN_OBJC_ROOT_CLASS = YES_ERROR;
				CLANG_WARN_QUOTED_INCLUDE_IN_FRAMEWORK_HEADER = YES;
				CLANG_WARN_RANGE_LOOP_ANALYSIS = YES;
				CLANG_WARN_STRICT_PROTOTYPES = YES;
				CLANG_WARN_SUSPICIOUS_MOVE = YES;
				CLANG_WARN_UNGUARDED_AVAILABILITY = YES_AGGRESSIVE;
				CLANG_WARN_UNREACHABLE_CODE = YES;
				CLANG_WARN__DUPLICATE_METHOD_MATCH = YES;
				COPY_PHASE_STRIP = NO;
				DEBUG_INFORMATION_FORMAT = dwarf;
				ENABLE_STRICT_OBJC_MSGSEND = YES;
				ENABLE_TESTABILITY = YES;
				ENABLE_USER_SCRIPT_SANDBOXING = YES;
				GCC_C_LANGUAGE_STANDARD = gnu17;
				GCC_DYNAMIC_NO_PIC = NO;
				GCC_NO_COMMON_BLOCKS = YES;
				GCC_OPTIMIZATION_LEVEL = 0;
				GCC_PREPROCESSOR_DEFINITIONS = (
					"DEBUG=1",
					"$(inherited)",
				);
				GCC_WARN_64_TO_32_BIT_CONVERSION = YES;
				GCC_WARN_ABOUT_RETURN_TYPE = YES_ERROR;
				GCC_WARN_UNDECLARED_SELECTOR = YES;
				GCC_WARN_UNINITIALIZED_AUTOS = YES_AGGRESSIVE;
				GCC_WARN_UNUSED_FUNCTION = YES;
				GCC_WARN_UNUSED_VARIABLE = YES;
				IPHONEOS_DEPLOYMENT_TARGET = 17.2;
				LOCALIZATION_PREFERS_STRING_CATALOGS = YES;
				MTL_ENABLE_DEBUG_INFO = INCLUDE_SOURCE;
				MTL_FAST_MATH = YES;
				ONLY_ACTIVE_ARCH = YES;
				SDKROOT = iphoneos;
				SWIFT_ACTIVE_COMPILATION_CONDITIONS = "DEBUG $(inherited)";
				SWIFT_OPTIMIZATION_LEVEL = "-Onone";
			};
			name = Debug;
		};
		FC78B9592C778D400044DEAE /* Release */ = {
			isa = XCBuildConfiguration;
			buildSettings = {
				ALWAYS_SEARCH_USER_PATHS = NO;
				ASSETCATALOG_COMPILER_GENERATE_SWIFT_ASSET_SYMBOL_EXTENSIONS = YES;
				CLANG_ANALYZER_NONNULL = YES;
				CLANG_ANALYZER_NUMBER_OBJECT_CONVERSION = YES_AGGRESSIVE;
				CLANG_CXX_LANGUAGE_STANDARD = "gnu++20";
				CLANG_ENABLE_MODULES = YES;
				CLANG_ENABLE_OBJC_ARC = YES;
				CLANG_ENABLE_OBJC_WEAK = YES;
				CLANG_WARN_BLOCK_CAPTURE_AUTORELEASING = YES;
				CLANG_WARN_BOOL_CONVERSION = YES;
				CLANG_WARN_COMMA = YES;
				CLANG_WARN_CONSTANT_CONVERSION = YES;
				CLANG_WARN_DEPRECATED_OBJC_IMPLEMENTATIONS = YES;
				CLANG_WARN_DIRECT_OBJC_ISA_USAGE = YES_ERROR;
				CLANG_WARN_DOCUMENTATION_COMMENTS = YES;
				CLANG_WARN_EMPTY_BODY = YES;
				CLANG_WARN_ENUM_CONVERSION = YES;
				CLANG_WARN_INFINITE_RECURSION = YES;
				CLANG_WARN_INT_CONVERSION = YES;
				CLANG_WARN_NON_LITERAL_NULL_CONVERSION = YES;
				CLANG_WARN_OBJC_IMPLICIT_RETAIN_SELF = YES;
				CLANG_WARN_OBJC_LITERAL_CONVERSION = YES;
				CLANG_WARN_OBJC_ROOT_CLASS = YES_ERROR;
				CLANG_WARN_QUOTED_INCLUDE_IN_FRAMEWORK_HEADER = YES;
				CLANG_WARN_RANGE_LOOP_ANALYSIS = YES;
				CLANG_WARN_STRICT_PROTOTYPES = YES;
				CLANG_WARN_SUSPICIOUS_MOVE = YES;
				CLANG_WARN_UNGUARDED_AVAILABILITY = YES_AGGRESSIVE;
				CLANG_WARN_UNREACHABLE_CODE = YES;
				CLANG_WARN__DUPLICATE_METHOD_MATCH = YES;
				COPY_PHASE_STRIP = NO;
				DEBUG_INFORMATION_FORMAT = "dwarf-with-dsym";
				ENABLE_NS_ASSERTIONS = NO;
				ENABLE_STRICT_OBJC_MSGSEND = YES;
				ENABLE_USER_SCRIPT_SANDBOXING = YES;
				GCC_C_LANGUAGE_STANDARD = gnu17;
				GCC_NO_COMMON_BLOCKS = YES;
				GCC_WARN_64_TO_32_BIT_CONVERSION = YES;
				GCC_WARN_ABOUT_RETURN_TYPE = YES_ERROR;
				GCC_WARN_UNDECLARED_SELECTOR = YES;
				GCC_WARN_UNINITIALIZED_AUTOS = YES_AGGRESSIVE;
				GCC_WARN_UNUSED_FUNCTION = YES;
				GCC_WARN_UNUSED_VARIABLE = YES;
				IPHONEOS_DEPLOYMENT_TARGET = 17.2;
				LOCALIZATION_PREFERS_STRING_CATALOGS = YES;
				MTL_ENABLE_DEBUG_INFO = NO;
				MTL_FAST_MATH = YES;
				SDKROOT = iphoneos;
				SWIFT_COMPILATION_MODE = wholemodule;
				VALIDATE_PRODUCT = YES;
			};
			name = Release;
		};
		FC78B95B2C778D400044DEAE /* Debug */ = {
			isa = XCBuildConfiguration;
			buildSettings = {
				ASSETCATALOG_COMPILER_APPICON_NAME = AppIcon;
				ASSETCATALOG_COMPILER_GLOBAL_ACCENT_COLOR_NAME = AccentColor;
				CODE_SIGN_STYLE = Automatic;
				CURRENT_PROJECT_VERSION = 1;
				DEVELOPMENT_ASSET_PATHS = "\"Winner/Preview Content\"";
				DEVELOPMENT_TEAM = CTY44DYVYJ;
				ENABLE_PREVIEWS = YES;
				GENERATE_INFOPLIST_FILE = YES;
				INFOPLIST_KEY_CFBundleDisplayName = "№1 Winner: workout & radio";
				INFOPLIST_KEY_UIApplicationSceneManifest_Generation = YES;
				INFOPLIST_KEY_UIApplicationSupportsIndirectInputEvents = YES;
				INFOPLIST_KEY_UILaunchScreen_Generation = YES;
				INFOPLIST_KEY_UISupportedInterfaceOrientations = UIInterfaceOrientationPortrait;
				INFOPLIST_KEY_UISupportedInterfaceOrientations_iPad = "UIInterfaceOrientationLandscapeLeft UIInterfaceOrientationLandscapeRight UIInterfaceOrientationPortrait UIInterfaceOrientationPortraitUpsideDown";
				IPHONEOS_DEPLOYMENT_TARGET = 14.0;
				LD_RUNPATH_SEARCH_PATHS = (
					"$(inherited)",
					"@executable_path/Frameworks",
				);
				MARKETING_VERSION = 1.0;
				PRODUCT_BUNDLE_IDENTIFIER = blessthedevil.Winner;
				PRODUCT_NAME = "$(TARGET_NAME)";
				SUPPORTED_PLATFORMS = "iphoneos iphonesimulator";
				SUPPORTS_MACCATALYST = NO;
				SUPPORTS_MAC_DESIGNED_FOR_IPHONE_IPAD = NO;
				SUPPORTS_XR_DESIGNED_FOR_IPHONE_IPAD = NO;
				SWIFT_EMIT_LOC_STRINGS = YES;
				SWIFT_VERSION = 5.0;
				TARGETED_DEVICE_FAMILY = 1;
			};
			name = Debug;
		};
		FC78B95C2C778D400044DEAE /* Release */ = {
			isa = XCBuildConfiguration;
			buildSettings = {
				ASSETCATALOG_COMPILER_APPICON_NAME = AppIcon;
				ASSETCATALOG_COMPILER_GLOBAL_ACCENT_COLOR_NAME = AccentColor;
				CODE_SIGN_STYLE = Automatic;
				CURRENT_PROJECT_VERSION = 1;
				DEVELOPMENT_ASSET_PATHS = "\"Winner/Preview Content\"";
				DEVELOPMENT_TEAM = CTY44DYVYJ;
				ENABLE_PREVIEWS = YES;
				GENERATE_INFOPLIST_FILE = YES;
				INFOPLIST_KEY_CFBundleDisplayName = "№1 Winner: workout & radio";
				INFOPLIST_KEY_UIApplicationSceneManifest_Generation = YES;
				INFOPLIST_KEY_UIApplicationSupportsIndirectInputEvents = YES;
				INFOPLIST_KEY_UILaunchScreen_Generation = YES;
				INFOPLIST_KEY_UISupportedInterfaceOrientations = UIInterfaceOrientationPortrait;
				INFOPLIST_KEY_UISupportedInterfaceOrientations_iPad = "UIInterfaceOrientationLandscapeLeft UIInterfaceOrientationLandscapeRight UIInterfaceOrientationPortrait UIInterfaceOrientationPortraitUpsideDown";
				IPHONEOS_DEPLOYMENT_TARGET = 14.0;
				LD_RUNPATH_SEARCH_PATHS = (
					"$(inherited)",
					"@executable_path/Frameworks",
				);
				MARKETING_VERSION = 1.0;
				PRODUCT_BUNDLE_IDENTIFIER = blessthedevil.Winner;
				PRODUCT_NAME = "$(TARGET_NAME)";
				SUPPORTED_PLATFORMS = "iphoneos iphonesimulator";
				SUPPORTS_MACCATALYST = NO;
				SUPPORTS_MAC_DESIGNED_FOR_IPHONE_IPAD = NO;
				SUPPORTS_XR_DESIGNED_FOR_IPHONE_IPAD = NO;
				SWIFT_EMIT_LOC_STRINGS = YES;
				SWIFT_VERSION = 5.0;
				TARGETED_DEVICE_FAMILY = 1;
			};
			name = Release;
		};
/* End XCBuildConfiguration section */

/* Begin XCConfigurationList section */
		FC78B9472C778D3D0044DEAE /* Build configuration list for PBXProject "Winner" */ = {
			isa = XCConfigurationList;
			buildConfigurations = (
				FC78B9582C778D400044DEAE /* Debug */,
				FC78B9592C778D400044DEAE /* Release */,
			);
			defaultConfigurationIsVisible = 0;
			defaultConfigurationName = Release;
		};
		FC78B95A2C778D400044DEAE /* Build configuration list for PBXNativeTarget "Winner" */ = {
			isa = XCConfigurationList;
			buildConfigurations = (
				FC78B95B2C778D400044DEAE /* Debug */,
				FC78B95C2C778D400044DEAE /* Release */,
			);
			defaultConfigurationIsVisible = 0;
			defaultConfigurationName = Release;
		};
/* End XCConfigurationList section */

/* Begin XCVersionGroup section */
		FC78B9C12C7C8D0F0044DEAE /* WinnerData.xcdatamodeld */ = {
			isa = XCVersionGroup;
			children = (
				FC78B9C22C7C8D0F0044DEAE /* WinnerData.xcdatamodel */,
			);
			currentVersion = FC78B9C22C7C8D0F0044DEAE /* WinnerData.xcdatamodel */;
			path = WinnerData.xcdatamodeld;
			sourceTree = "<group>";
			versionGroupType = wrapper.xcdatamodel;
		};
/* End XCVersionGroup section */
	};
	rootObject = FC78B9442C778D3D0044DEAE /* Project object */;
}
